
Microsoft Visual Studio Solution File, Format Version 12.00
# Visual Studio Version 17
VisualStudioVersion = 17.0.31903.59
MinimumVisualStudioVersion = 10.0.40219.1
Project("{2150E333-8FDC-42A3-9474-1A3956D46DE8}") = "src", "src", "{827E0CD3-B72D-47B6-A68D-7590B98EB39B}"
EndProject
Project("{2150E333-8FDC-42A3-9474-1A3956D46DE8}") = "Shared", "Shared", "{C8E42992-5E42-0C2B-DBFE-AA848D06431C}"
EndProject
Project("{FAE04EC0-301F-11D3-BF4B-00C04F79EFBC}") = "VjWms.Shared", "src\Shared\VjWms.Shared.csproj", "{C4EB0E4F-B826-42F6-8F27-FE014AA15890}"
EndProject
Project("{FAE04EC0-301F-11D3-BF4B-00C04F79EFBC}") = "VjWms.Desktop.Domain", "src\Desktop\VjWms.Desktop.Domain\VjWms.Desktop.Domain.csproj", "{1247F3D8-577F-4969-BCF7-E409558BDFED}"
EndProject
Project("{FAE04EC0-301F-11D3-BF4B-00C04F79EFBC}") = "VjWms.Desktop.Application", "src\Desktop\VjWms.Desktop.Application\VjWms.Desktop.Application.csproj", "{4F54F8B0-5393-4F51-A883-E8205460AF86}"
EndProject
Project("{FAE04EC0-301F-11D3-BF4B-00C04F79EFBC}") = "VjWms.Desktop.Infrastructure", "src\Desktop\VjWms.Desktop.Infrastructure\VjWms.Desktop.Infrastructure.csproj", "{4540FDAB-1711-4508-8D75-E03D1E01B61E}"
EndProject
Project("{FAE04EC0-301F-11D3-BF4B-00C04F79EFBC}") = "VjWms.Desktop.UI", "src\Desktop\VjWms.Desktop.UI\VjWms.Desktop.UI.csproj", "{5892A2D8-953B-4B8F-813B-39A6533FE89A}"
EndProject
Project("{FAE04EC0-301F-11D3-BF4B-00C04F79EFBC}") = "VjWms.Server.Domain", "src\Server\VjWms.Server.Domain\VjWms.Server.Domain.csproj", "{25CEF05F-0847-4DDE-AA6C-907A8B1604ED}"
EndProject
Project("{FAE04EC0-301F-11D3-BF4B-00C04F79EFBC}") = "VjWms.Server.Application", "src\Server\VjWms.Server.Application\VjWms.Server.Application.csproj", "{AD9C72E6-C812-4BDD-8E78-051C3DA42297}"
EndProject
Project("{FAE04EC0-301F-11D3-BF4B-00C04F79EFBC}") = "VjWms.Server.Infrastructure", "src\Server\VjWms.Server.Infrastructure\VjWms.Server.Infrastructure.csproj", "{D85F25FC-6B47-465C-B59F-373C74DECDF0}"
EndProject
Project("{FAE04EC0-301F-11D3-BF4B-00C04F79EFBC}") = "VjWms.Server.API", "src\Server\VjWms.Server.API\VjWms.Server.API.csproj", "{F855AB59-C340-41C2-BBE2-BC988A74E64D}"
EndProject
Global
	GlobalSection(SolutionConfigurationPlatforms) = preSolution
		Debug|Any CPU = Debug|Any CPU
		Debug|x64 = Debug|x64
		Debug|x86 = Debug|x86
		Release|Any CPU = Release|Any CPU
		Release|x64 = Release|x64
		Release|x86 = Release|x86
	EndGlobalSection
	GlobalSection(ProjectConfigurationPlatforms) = postSolution
		{C4EB0E4F-B826-42F6-8F27-FE014AA15890}.Debug|Any CPU.ActiveCfg = Debug|Any CPU
		{C4EB0E4F-B826-42F6-8F27-FE014AA15890}.Debug|Any CPU.Build.0 = Debug|Any CPU
		{C4EB0E4F-B826-42F6-8F27-FE014AA15890}.Debug|x64.ActiveCfg = Debug|Any CPU
		{C4EB0E4F-B826-42F6-8F27-FE014AA15890}.Debug|x64.Build.0 = Debug|Any CPU
		{C4EB0E4F-B826-42F6-8F27-FE014AA15890}.Debug|x86.ActiveCfg = Debug|Any CPU
		{C4EB0E4F-B826-42F6-8F27-FE014AA15890}.Debug|x86.Build.0 = Debug|Any CPU
		{C4EB0E4F-B826-42F6-8F27-FE014AA15890}.Release|Any CPU.ActiveCfg = Release|Any CPU
		{C4EB0E4F-B826-42F6-8F27-FE014AA15890}.Release|Any CPU.Build.0 = Release|Any CPU
		{C4EB0E4F-B826-42F6-8F27-FE014AA15890}.Release|x64.ActiveCfg = Release|Any CPU
		{C4EB0E4F-B826-42F6-8F27-FE014AA15890}.Release|x64.Build.0 = Release|Any CPU
		{C4EB0E4F-B826-42F6-8F27-FE014AA15890}.Release|x86.ActiveCfg = Release|Any CPU
		{C4EB0E4F-B826-42F6-8F27-FE014AA15890}.Release|x86.Build.0 = Release|Any CPU
		{1247F3D8-577F-4969-BCF7-E409558BDFED}.Debug|Any CPU.ActiveCfg = Debug|Any CPU
		{1247F3D8-577F-4969-BCF7-E409558BDFED}.Debug|Any CPU.Build.0 = Debug|Any CPU
		{1247F3D8-577F-4969-BCF7-E409558BDFED}.Debug|x64.ActiveCfg = Debug|Any CPU
		{1247F3D8-577F-4969-BCF7-E409558BDFED}.Debug|x64.Build.0 = Debug|Any CPU
		{1247F3D8-577F-4969-BCF7-E409558BDFED}.Debug|x86.ActiveCfg = Debug|Any CPU
		{1247F3D8-577F-4969-BCF7-E409558BDFED}.Debug|x86.Build.0 = Debug|Any CPU
		{1247F3D8-577F-4969-BCF7-E409558BDFED}.Release|Any CPU.ActiveCfg = Release|Any CPU
		{1247F3D8-577F-4969-BCF7-E409558BDFED}.Release|Any CPU.Build.0 = Release|Any CPU
		{1247F3D8-577F-4969-BCF7-E409558BDFED}.Release|x64.ActiveCfg = Release|Any CPU
		{1247F3D8-577F-4969-BCF7-E409558BDFED}.Release|x64.Build.0 = Release|Any CPU
		{1247F3D8-577F-4969-BCF7-E409558BDFED}.Release|x86.ActiveCfg = Release|Any CPU
		{1247F3D8-577F-4969-BCF7-E409558BDFED}.Release|x86.Build.0 = Release|Any CPU
		{4F54F8B0-5393-4F51-A883-E8205460AF86}.Debug|Any CPU.ActiveCfg = Debug|Any CPU
		{4F54F8B0-5393-4F51-A883-E8205460AF86}.Debug|Any CPU.Build.0 = Debug|Any CPU
		{4F54F8B0-5393-4F51-A883-E8205460AF86}.Debug|x64.ActiveCfg = Debug|Any CPU
		{4F54F8B0-5393-4F51-A883-E8205460AF86}.Debug|x64.Build.0 = Debug|Any CPU
		{4F54F8B0-5393-4F51-A883-E8205460AF86}.Debug|x86.ActiveCfg = Debug|Any CPU
		{4F54F8B0-5393-4F51-A883-E8205460AF86}.Debug|x86.Build.0 = Debug|Any CPU
		{4F54F8B0-5393-4F51-A883-E8205460AF86}.Release|Any CPU.ActiveCfg = Release|Any CPU
		{4F54F8B0-5393-4F51-A883-E8205460AF86}.Release|Any CPU.Build.0 = Release|Any CPU
		{4F54F8B0-5393-4F51-A883-E8205460AF86}.Release|x64.ActiveCfg = Release|Any CPU
		{4F54F8B0-5393-4F51-A883-E8205460AF86}.Release|x64.Build.0 = Release|Any CPU
		{4F54F8B0-5393-4F51-A883-E8205460AF86}.Release|x86.ActiveCfg = Release|Any CPU
		{4F54F8B0-5393-4F51-A883-E8205460AF86}.Release|x86.Build.0 = Release|Any CPU
		{4540FDAB-1711-4508-8D75-E03D1E01B61E}.Debug|Any CPU.ActiveCfg = Debug|Any CPU
		{4540FDAB-1711-4508-8D75-E03D1E01B61E}.Debug|Any CPU.Build.0 = Debug|Any CPU
		{4540FDAB-1711-4508-8D75-E03D1E01B61E}.Debug|x64.ActiveCfg = Debug|Any CPU
		{4540FDAB-1711-4508-8D75-E03D1E01B61E}.Debug|x64.Build.0 = Debug|Any CPU
		{4540FDAB-1711-4508-8D75-E03D1E01B61E}.Debug|x86.ActiveCfg = Debug|Any CPU
		{4540FDAB-1711-4508-8D75-E03D1E01B61E}.Debug|x86.Build.0 = Debug|Any CPU
		{4540FDAB-1711-4508-8D75-E03D1E01B61E}.Release|Any CPU.ActiveCfg = Release|Any CPU
		{4540FDAB-1711-4508-8D75-E03D1E01B61E}.Release|Any CPU.Build.0 = Release|Any CPU
		{4540FDAB-1711-4508-8D75-E03D1E01B61E}.Release|x64.ActiveCfg = Release|Any CPU
		{4540FDAB-1711-4508-8D75-E03D1E01B61E}.Release|x64.Build.0 = Release|Any CPU
		{4540FDAB-1711-4508-8D75-E03D1E01B61E}.Release|x86.ActiveCfg = Release|Any CPU
		{4540FDAB-1711-4508-8D75-E03D1E01B61E}.Release|x86.Build.0 = Release|Any CPU
		{5892A2D8-953B-4B8F-813B-39A6533FE89A}.Debug|Any CPU.ActiveCfg = Debug|Any CPU
		{5892A2D8-953B-4B8F-813B-39A6533FE89A}.Debug|Any CPU.Build.0 = Debug|Any CPU
		{5892A2D8-953B-4B8F-813B-39A6533FE89A}.Debug|x64.ActiveCfg = Debug|Any CPU
		{5892A2D8-953B-4B8F-813B-39A6533FE89A}.Debug|x64.Build.0 = Debug|Any CPU
		{5892A2D8-953B-4B8F-813B-39A6533FE89A}.Debug|x86.ActiveCfg = Debug|Any CPU
		{5892A2D8-953B-4B8F-813B-39A6533FE89A}.Debug|x86.Build.0 = Debug|Any CPU
		{5892A2D8-953B-4B8F-813B-39A6533FE89A}.Release|Any CPU.ActiveCfg = Release|Any CPU
		{5892A2D8-953B-4B8F-813B-39A6533FE89A}.Release|Any CPU.Build.0 = Release|Any CPU
		{5892A2D8-953B-4B8F-813B-39A6533FE89A}.Release|x64.ActiveCfg = Release|Any CPU
		{5892A2D8-953B-4B8F-813B-39A6533FE89A}.Release|x64.Build.0 = Release|Any CPU
		{5892A2D8-953B-4B8F-813B-39A6533FE89A}.Release|x86.ActiveCfg = Release|Any CPU
		{5892A2D8-953B-4B8F-813B-39A6533FE89A}.Release|x86.Build.0 = Release|Any CPU
		{25CEF05F-0847-4DDE-AA6C-907A8B1604ED}.Debug|Any CPU.ActiveCfg = Debug|Any CPU
		{25CEF05F-0847-4DDE-AA6C-907A8B1604ED}.Debug|Any CPU.Build.0 = Debug|Any CPU
		{25CEF05F-0847-4DDE-AA6C-907A8B1604ED}.Debug|x64.ActiveCfg = Debug|Any CPU
		{25CEF05F-0847-4DDE-AA6C-907A8B1604ED}.Debug|x64.Build.0 = Debug|Any CPU
		{25CEF05F-0847-4DDE-AA6C-907A8B1604ED}.Debug|x86.ActiveCfg = Debug|Any CPU
		{25CEF05F-0847-4DDE-AA6C-907A8B1604ED}.Debug|x86.Build.0 = Debug|Any CPU
		{25CEF05F-0847-4DDE-AA6C-907A8B1604ED}.Release|Any CPU.ActiveCfg = Release|Any CPU
		{25CEF05F-0847-4DDE-AA6C-907A8B1604ED}.Release|Any CPU.Build.0 = Release|Any CPU
		{25CEF05F-0847-4DDE-AA6C-907A8B1604ED}.Release|x64.ActiveCfg = Release|Any CPU
		{25CEF05F-0847-4DDE-AA6C-907A8B1604ED}.Release|x64.Build.0 = Release|Any CPU
		{25CEF05F-0847-4DDE-AA6C-907A8B1604ED}.Release|x86.ActiveCfg = Release|Any CPU
		{25CEF05F-0847-4DDE-AA6C-907A8B1604ED}.Release|x86.Build.0 = Release|Any CPU
		{AD9C72E6-C812-4BDD-8E78-051C3DA42297}.Debug|Any CPU.ActiveCfg = Debug|Any CPU
		{AD9C72E6-C812-4BDD-8E78-051C3DA42297}.Debug|Any CPU.Build.0 = Debug|Any CPU
		{AD9C72E6-C812-4BDD-8E78-051C3DA42297}.Debug|x64.ActiveCfg = Debug|Any CPU
		{AD9C72E6-C812-4BDD-8E78-051C3DA42297}.Debug|x64.Build.0 = Debug|Any CPU
		{AD9C72E6-C812-4BDD-8E78-051C3DA42297}.Debug|x86.ActiveCfg = Debug|Any CPU
		{AD9C72E6-C812-4BDD-8E78-051C3DA42297}.Debug|x86.Build.0 = Debug|Any CPU
		{AD9C72E6-C812-4BDD-8E78-051C3DA42297}.Release|Any CPU.ActiveCfg = Release|Any CPU
		{AD9C72E6-C812-4BDD-8E78-051C3DA42297}.Release|Any CPU.Build.0 = Release|Any CPU
		{AD9C72E6-C812-4BDD-8E78-051C3DA42297}.Release|x64.ActiveCfg = Release|Any CPU
		{AD9C72E6-C812-4BDD-8E78-051C3DA42297}.Release|x64.Build.0 = Release|Any CPU
		{AD9C72E6-C812-4BDD-8E78-051C3DA42297}.Release|x86.ActiveCfg = Release|Any CPU
		{AD9C72E6-C812-4BDD-8E78-051C3DA42297}.Release|x86.Build.0 = Release|Any CPU
		{D85F25FC-6B47-465C-B59F-373C74DECDF0}.Debug|Any CPU.ActiveCfg = Debug|Any CPU
		{D85F25FC-6B47-465C-B59F-373C74DECDF0}.Debug|Any CPU.Build.0 = Debug|Any CPU
		{D85F25FC-6B47-465C-B59F-373C74DECDF0}.Debug|x64.ActiveCfg = Debug|Any CPU
		{D85F25FC-6B47-465C-B59F-373C74DECDF0}.Debug|x64.Build.0 = Debug|Any CPU
		{D85F25FC-6B47-465C-B59F-373C74DECDF0}.Debug|x86.ActiveCfg = Debug|Any CPU
		{D85F25FC-6B47-465C-B59F-373C74DECDF0}.Debug|x86.Build.0 = Debug|Any CPU
		{D85F25FC-6B47-465C-B59F-373C74DECDF0}.Release|Any CPU.ActiveCfg = Release|Any CPU
		{D85F25FC-6B47-465C-B59F-373C74DECDF0}.Release|Any CPU.Build.0 = Release|Any CPU
		{D85F25FC-6B47-465C-B59F-373C74DECDF0}.Release|x64.ActiveCfg = Release|Any CPU
		{D85F25FC-6B47-465C-B59F-373C74DECDF0}.Release|x64.Build.0 = Release|Any CPU
		{D85F25FC-6B47-465C-B59F-373C74DECDF0}.Release|x86.ActiveCfg = Release|Any CPU
		{D85F25FC-6B47-465C-B59F-373C74DECDF0}.Release|x86.Build.0 = Release|Any CPU
		{F855AB59-C340-41C2-BBE2-BC988A74E64D}.Debug|Any CPU.ActiveCfg = Debug|Any CPU
		{F855AB59-C340-41C2-BBE2-BC988A74E64D}.Debug|Any CPU.Build.0 = Debug|Any CPU
		{F855AB59-C340-41C2-BBE2-BC988A74E64D}.Debug|x64.ActiveCfg = Debug|Any CPU
		{F855AB59-C340-41C2-BBE2-BC988A74E64D}.Debug|x64.Build.0 = Debug|Any CPU
		{F855AB59-C340-41C2-BBE2-BC988A74E64D}.Debug|x86.ActiveCfg = Debug|Any CPU
		{F855AB59-C340-41C2-BBE2-BC988A74E64D}.Debug|x86.Build.0 = Debug|Any CPU
		{F855AB59-C340-41C2-BBE2-BC988A74E64D}.Release|Any CPU.ActiveCfg = Release|Any CPU
		{F855AB59-C340-41C2-BBE2-BC988A74E64D}.Release|Any CPU.Build.0 = Release|Any CPU
		{F855AB59-C340-41C2-BBE2-BC988A74E64D}.Release|x64.ActiveCfg = Release|Any CPU
		{F855AB59-C340-41C2-BBE2-BC988A74E64D}.Release|x64.Build.0 = Release|Any CPU
		{F855AB59-C340-41C2-BBE2-BC988A74E64D}.Release|x86.ActiveCfg = Release|Any CPU
		{F855AB59-C340-41C2-BBE2-BC988A74E64D}.Release|x86.Build.0 = Release|Any CPU
	EndGlobalSection
	GlobalSection(SolutionProperties) = preSolution
		HideSolutionNode = FALSE
	EndGlobalSection
	GlobalSection(NestedProjects) = preSolution
		{C8E42992-5E42-0C2B-DBFE-AA848D06431C} = {827E0CD3-B72D-47B6-A68D-7590B98EB39B}
		{C4EB0E4F-B826-42F6-8F27-FE014AA15890} = {C8E42992-5E42-0C2B-DBFE-AA848D06431C}
		{1247F3D8-577F-4969-BCF7-E409558BDFED} = {C8E42992-5E42-0C2B-DBFE-AA848D06431C}
		{4F54F8B0-5393-4F51-A883-E8205460AF86} = {C8E42992-5E42-0C2B-DBFE-AA848D06431C}
		{4540FDAB-1711-4508-8D75-E03D1E01B61E} = {C8E42992-5E42-0C2B-DBFE-AA848D06431C}
		{5892A2D8-953B-4B8F-813B-39A6533FE89A} = {C8E42992-5E42-0C2B-DBFE-AA848D06431C}
		{25CEF05F-0847-4DDE-AA6C-907A8B1604ED} = {C8E42992-5E42-0C2B-DBFE-AA848D06431C}
		{AD9C72E6-C812-4BDD-8E78-051C3DA42297} = {C8E42992-5E42-0C2B-DBFE-AA848D06431C}
		{D85F25FC-6B47-465C-B59F-373C74DECDF0} = {C8E42992-5E42-0C2B-DBFE-AA848D06431C}
		{F855AB59-C340-41C2-BBE2-BC988A74E64D} = {C8E42992-5E42-0C2B-DBFE-AA848D06431C}
	EndGlobalSection
EndGlobal
